{
  "nodes": {
    "root": {
      "inputs": {
        "stable": "stable",
        "unstable": "unstable"
      }
    },
    "stable": {
      "locked": {
        "lastModified": 1684398685,
        "narHash": "sha256-TRE62m91iZ5ArVMgA+uj22Yda8JoQuuhc9uwZ+NoX+0=",
        "owner": "NixOS",
        "repo": "nixpkgs",
        "rev": "628d4bb6e9f4f0c30cfd9b23d3c1cdcec9d3cb5c",
        "type": "github"
      },
      "original": {
        "owner": "NixOS",
        "ref": "nixos-22.11",
        "repo": "nixpkgs",
        "type": "github"
      }
    },
    "unstable": {
      "locked": {
        "lastModified": 1684528365,
        "narHash": "sha256-2b5IfkV6WPZ3S9SgIajbftinfGlBnwUwOcmLiyCck+w=",
        "owner": "NixOS",
        "repo": "nixpkgs",
        "rev": "5ae23a806c7cb16e2ade63400d0c6e5aa8e54797",
        "type": "github"
      },
      "original": {
        "owner": "NixOS",
        "ref": "nixos-unstable",
        "repo": "nixpkgs",
        "type": "github"
      }
    }
  },
  "root": "root",
  "version": 7
}
